// !$*UTF8*$!
{
	archiveVersion = 1;
	classes = {
	};
	objectVersion = 48;
	objects = {

/* Begin PBXBuildFile section */
		49679EB31FD8C15200AF55A2 /* AppDelegate.swift in Sources */ = {isa = PBXBuildFile; fileRef = 49679EB21FD8C15200AF55A2 /* AppDelegate.swift */; };
		49679EB51FD8C15200AF55A2 /* ViewController.swift in Sources */ = {isa = PBXBuildFile; fileRef = 49679EB41FD8C15200AF55A2 /* ViewController.swift */; };
		49679EB81FD8C15200AF55A2 /* Main.storyboard in Resources */ = {isa = PBXBuildFile; fileRef = 49679EB61FD8C15200AF55A2 /* Main.storyboard */; };
		49679EBB1FD8C15200AF55A2 /* Mango.xcdatamodeld in Sources */ = {isa = PBXBuildFile; fileRef = 49679EB91FD8C15200AF55A2 /* Mango.xcdatamodeld */; };
		49679EBD1FD8C15200AF55A2 /* Assets.xcassets in Resources */ = {isa = PBXBuildFile; fileRef = 49679EBC1FD8C15200AF55A2 /* Assets.xcassets */; };
		49679EC01FD8C15200AF55A2 /* LaunchScreen.storyboard in Resources */ = {isa = PBXBuildFile; fileRef = 49679EBE1FD8C15200AF55A2 /* LaunchScreen.storyboard */; };
/* End PBXBuildFile section */

/* Begin PBXFileReference section */
		49679EAF1FD8C15200AF55A2 /* Mango.app */ = {isa = PBXFileReference; explicitFileType = wrapper.application; includeInIndex = 0; path = Mango.app; sourceTree = BUILT_PRODUCTS_DIR; };
		49679EB21FD8C15200AF55A2 /* AppDelegate.swift */ = {isa = PBXFileReference; lastKnownFileType = sourcecode.swift; path = AppDelegate.swift; sourceTree = "<group>"; };
		49679EB41FD8C15200AF55A2 /* ViewController.swift */ = {isa = PBXFileReference; lastKnownFileType = sourcecode.swift; path = ViewController.swift; sourceTree = "<group>"; };
		49679EB71FD8C15200AF55A2 /* Base */ = {isa = PBXFileReference; lastKnownFileType = file.storyboard; name = Base; path = Base.lproj/Main.storyboard; sourceTree = "<group>"; };
		49679EBA1FD8C15200AF55A2 /* Mango.xcdatamodel */ = {isa = PBXFileReference; lastKnownFileType = wrapper.xcdatamodel; path = Mango.xcdatamodel; sourceTree = "<group>"; };
		49679EBC1FD8C15200AF55A2 /* Assets.xcassets */ = {isa = PBXFileReference; lastKnownFileType = folder.assetcatalog; path = Assets.xcassets; sourceTree = "<group>"; };
		49679EBF1FD8C15200AF55A2 /* Base */ = {isa = PBXFileReference; lastKnownFileType = file.storyboard; name = Base; path = Base.lproj/LaunchScreen.storyboard; sourceTree = "<group>"; };
		49679EC11FD8C15200AF55A2 /* Info.plist */ = {isa = PBXFileReference; lastKnownFileType = text.plist.xml; path = Info.plist; sourceTree = "<group>"; };
/* End PBXFileReference section */

/* Begin PBXFrameworksBuildPhase section */
		49679EAC1FD8C15200AF55A2 /* Frameworks */ = {
			isa = PBXFrameworksBuildPhase;
			buildActionMask = 2147483647;
			files = (
			);
			runOnlyForDeploymentPostprocessing = 0;
		};
/* End PBXFrameworksBuildPhase section */

/* Begin PBXGroup section */
		49679EA61FD8C15200AF55A2 = {
			isa = PBXGroup;
			children = (
				49679EB11FD8C15200AF55A2 /* Mango */,
				49679EB01FD8C15200AF55A2 /* Products */,
			);
			sourceTree = "<group>";
		};
		49679EB01FD8C15200AF55A2 /* Products */ = {
			isa = PBXGroup;
			children = (
				49679EAF1FD8C15200AF55A2 /* Mango.app */,
			);
			name = Products;
			sourceTree = "<group>";
		};
		49679EB11FD8C15200AF55A2 /* Mango */ = {
			isa = PBXGroup;
			children = (
				49679EB21FD8C15200AF55A2 /* AppDelegate.swift */,
				49679EB41FD8C15200AF55A2 /* ViewController.swift */,
				49679EB61FD8C15200AF55A2 /* Main.storyboard */,
				49679EBC1FD8C15200AF55A2 /* Assets.xcassets */,
				49679EBE1FD8C15200AF55A2 /* LaunchScreen.storyboard */,
				49679EC11FD8C15200AF55A2 /* Info.plist */,
				49679EB91FD8C15200AF55A2 /* Mango.xcdatamodeld */,
			);
			path = Mango;
			sourceTree = "<group>";
		};
/* End PBXGroup section */

/* Begin PBXNativeTarget section */
		49679EAE1FD8C15200AF55A2 /* Mango */ = {
			isa = PBXNativeTarget;
			buildConfigurationList = 49679EC41FD8C15200AF55A2 /* Build configuration list for PBXNativeTarget "Mango" */;
			buildPhases = (
				49679EAB1FD8C15200AF55A2 /* Sources */,
				49679EAC1FD8C15200AF55A2 /* Frameworks */,
				49679EAD1FD8C15200AF55A2 /* Resources */,
			);
			buildRules = (
			);
			dependencies = (
			);
			name = Mango;
			productName = Mango;
			productReference = 49679EAF1FD8C15200AF55A2 /* Mango.app */;
			productType = "com.apple.product-type.application";
		};
/* End PBXNativeTarget section */

/* Begin PBXProject section */
		49679EA71FD8C15200AF55A2 /* Project object */ = {
			isa = PBXProject;
			attributes = {
				LastSwiftUpdateCheck = 0910;
				LastUpgradeCheck = 0910;
				ORGANIZATIONNAME = "Andrew Gerbovtsan";
				TargetAttributes = {
					49679EAE1FD8C15200AF55A2 = {
						CreatedOnToolsVersion = 9.1;
						ProvisioningStyle = Automatic;
					};
				};
			};
			buildConfigurationList = 49679EAA1FD8C15200AF55A2 /* Build configuration list for PBXProject "Mango" */;
			compatibilityVersion = "Xcode 8.0";
			developmentRegion = en;
			hasScannedForEncodings = 0;
			knownRegions = (
				en,
				Base,
			);
			mainGroup = 49679EA61FD8C15200AF55A2;
			productRefGroup = 49679EB01FD8C15200AF55A2 /* Products */;
			projectDirPath = "";
			projectRoot = "";
			targets = (
				49679EAE1FD8C15200AF55A2 /* Mango */,
			);
		};
/* End PBXProject section */

/* Begin PBXResourcesBuildPhase section */
		49679EAD1FD8C15200AF55A2 /* Resources */ = {
			isa = PBXResourcesBuildPhase;
			buildActionMask = 2147483647;
			files = (
				49679EC01FD8C15200AF55A2 /* LaunchScreen.storyboard in Resources */,
				49679EBD1FD8C15200AF55A2 /* Assets.xcassets in Resources */,
				49679EB81FD8C15200AF55A2 /* Main.storyboard in Resources */,
			);
			runOnlyForDeploymentPostprocessing = 0;
		};
/* End PBXResourcesBuildPhase section */

/* Begin PBXSourcesBuildPhase section */
		49679EAB1FD8C15200AF55A2 /* Sources */ = {
			isa = PBXSourcesBuildPhase;
			buildActionMask = 2147483647;
			files = (
				49679EB51FD8C15200AF55A2 /* ViewController.swift in Sources */,
				49679EB31FD8C15200AF55A2 /* AppDelegate.swift in Sources */,
				49679EBB1FD8C15200AF55A2 /* Mango.xcdatamodeld in Sources */,
			);
			runOnlyForDeploymentPostprocessing = 0;
		};
/* End PBXSourcesBuildPhase section */

/* Begin PBXVariantGroup section */
		49679EB61FD8C15200AF55A2 /* Main.storyboard */ = {
			isa = PBXVariantGroup;
			children = (
				49679EB71FD8C15200AF55A2 /* Base */,
			);
			name = Main.storyboard;
			sourceTree = "<group>";
		};
		49679EBE1FD8C15200AF55A2 /* LaunchScreen.storyboard */ = {
			isa = PBXVariantGroup;
			children = (
				49679EBF1FD8C15200AF55A2 /* Base */,
			);
			name = LaunchScreen.storyboard;
			sourceTree = "<group>";
		};
/* End PBXVariantGroup section */

/* Begin XCBuildConfiguration section */
		49679EC21FD8C15200AF55A2 /* Debug */ = {
			isa = XCBuildConfiguration;
			buildSettings = {
				ALWAYS_SEARCH_USER_PATHS = NO;
				CLANG_ANALYZER_NONNULL = YES;
				CLANG_ANALYZER_NUMBER_OBJECT_CONVERSION = YES_AGGRESSIVE;
				CLANG_CXX_LANGUAGE_STANDARD = "gnu++14";
				CLANG_CXX_LIBRARY = "libc++";
				CLANG_ENABLE_MODULES = YES;
				CLANG_ENABLE_OBJC_ARC = YES;
				CLANG_WARN_BLOCK_CAPTURE_AUTORELEASING = YES;
				CLANG_WARN_BOOL_CONVERSION = YES;
				CLANG_WARN_COMMA = YES;
				CLANG_WARN_CONSTANT_CONVERSION = YES;
				CLANG_WARN_DIRECT_OBJC_ISA_USAGE = YES_ERROR;
				CLANG_WARN_DOCUMENTATION_COMMENTS = YES;
				CLANG_WARN_EMPTY_BODY = YES;
				CLANG_WARN_ENUM_CONVERSION = YES;
				CLANG_WARN_INFINITE_RECURSION = YES;
				CLANG_WARN_INT_CONVERSION = YES;
				CLANG_WARN_NON_LITERAL_NULL_CONVERSION = YES;
				CLANG_WARN_OBJC_LITERAL_CONVERSION = YES;
				CLANG_WARN_OBJC_ROOT_CLASS = YES_ERROR;
				CLANG_WARN_RANGE_LOOP_ANALYSIS = YES;
				CLANG_WARN_STRICT_PROTOTYPES = YES;
				CLANG_WARN_SUSPICIOUS_MOVE = YES;
				CLANG_WARN_UNGUARDED_AVAILABILITY = YES_AGGRESSIVE;
				CLANG_WARN_UNREACHABLE_CODE = YES;
				CLANG_WARN__DUPLICATE_METHOD_MATCH = YES;
				CODE_SIGN_IDENTITY = "iPhone Developer";
				COPY_PHASE_STRIP = NO;
				DEBUG_INFORMATION_FORMAT = dwarf;
				ENABLE_STRICT_OBJC_MSGSEND = YES;
				ENABLE_TESTABILITY = YES;
				GCC_C_LANGUAGE_STANDARD = gnu11;
				GCC_DYNAMIC_NO_PIC = NO;
				GCC_NO_COMMON_BLOCKS = YES;
				GCC_OPTIMIZATION_LEVEL = 0;
				GCC_PREPROCESSOR_DEFINITIONS = (
					"DEBUG=1",
					"$(inherited)",
				);
				GCC_WARN_64_TO_32_BIT_CONVERSION = YES;
				GCC_WARN_ABOUT_RETURN_TYPE = YES_ERROR;
				GCC_WARN_UNDECLARED_SELECTOR = YES;
				GCC_WARN_UNINITIALIZED_AUTOS = YES_AGGRESSIVE;
				GCC_WARN_UNUSED_FUNCTION = YES;
				GCC_WARN_UNUSED_VARIABLE = YES;
				IPHONEOS_DEPLOYMENT_TARGET = 11.1;
				MTL_ENABLE_DEBUG_INFO = YES;
				ONLY_ACTIVE_ARCH = YES;
				SDKROOT = iphoneos;
				SWIFT_ACTIVE_COMPILATION_CONDITIONS = DEBUG;
				SWIFT_OPTIMIZATION_LEVEL = "-Onone";
			};
			name = Debug;
		};
		49679EC31FD8C15200AF55A2 /* Release */ = {
			isa = XCBuildConfiguration;
			buildSettings = {
				ALWAYS_SEARCH_USER_PATHS = NO;
				CLANG_ANALYZER_NONNULL = YES;
				CLANG_ANALYZER_NUMBER_OBJECT_CONVERSION = YES_AGGRESSIVE;
				CLANG_CXX_LANGUAGE_STANDARD = "gnu++14";
				CLANG_CXX_LIBRARY = "libc++";
				CLANG_ENABLE_MODULES = YES;
				CLANG_ENABLE_OBJC_ARC = YES;
				CLANG_WARN_BLOCK_CAPTURE_AUTORELEASING = YES;
				CLANG_WARN_BOOL_CONVERSION = YES;
				CLANG_WARN_COMMA = YES;
				CLANG_WARN_CONSTANT_CONVERSION = YES;
				CLANG_WARN_DIRECT_OBJC_ISA_USAGE = YES_ERROR;
				CLANG_WARN_DOCUMENTATION_COMMENTS = YES;
				CLANG_WARN_EMPTY_BODY = YES;
				CLANG_WARN_ENUM_CONVERSION = YES;
				CLANG_WARN_INFINITE_RECURSION = YES;
				CLANG_WARN_INT_CONVERSION = YES;
				CLANG_WARN_NON_LITERAL_NULL_CONVERSION = YES;
				CLANG_WARN_OBJC_LITERAL_CONVERSION = YES;
				CLANG_WARN_OBJC_ROOT_CLASS = YES_ERROR;
				CLANG_WARN_RANGE_LOOP_ANALYSIS = YES;
				CLANG_WARN_STRICT_PROTOTYPES = YES;
				CLANG_WARN_SUSPICIOUS_MOVE = YES;
				CLANG_WARN_UNGUARDED_AVAILABILITY = YES_AGGRESSIVE;
				CLANG_WARN_UNREACHABLE_CODE = YES;
				CLANG_WARN__DUPLICATE_METHOD_MATCH = YES;
				CODE_SIGN_IDENTITY = "iPhone Developer";
				COPY_PHASE_STRIP = NO;
				DEBUG_INFORMATION_FORMAT = "dwarf-with-dsym";
				ENABLE_NS_ASSERTIONS = NO;
				ENABLE_STRICT_OBJC_MSGSEND = YES;
				GCC_C_LANGUAGE_STANDARD = gnu11;
				GCC_NO_COMMON_BLOCKS = YES;
				GCC_WARN_64_TO_32_BIT_CONVERSION = YES;
				GCC_WARN_ABOUT_RETURN_TYPE = YES_ERROR;
				GCC_WARN_UNDECLARED_SELECTOR = YES;
				GCC_WARN_UNINITIALIZED_AUTOS = YES_AGGRESSIVE;
				GCC_WARN_UNUSED_FUNCTION = YES;
				GCC_WARN_UNUSED_VARIABLE = YES;
				IPHONEOS_DEPLOYMENT_TARGET = 11.1;
				MTL_ENABLE_DEBUG_INFO = NO;
				SDKROOT = iphoneos;
				SWIFT_OPTIMIZATION_LEVEL = "-Owholemodule";
				VALIDATE_PRODUCT = YES;
			};
			name = Release;
		};
		49679EC51FD8C15200AF55A2 /* Debug */ = {
			isa = XCBuildConfiguration;
			buildSettings = {
				ASSETCATALOG_COMPILER_APPICON_NAME = AppIcon;
				CODE_SIGN_STYLE = Automatic;
				DEVELOPMENT_TEAM = U28JUD5674;
				INFOPLIST_FILE = Mango/Info.plist;
				LD_RUNPATH_SEARCH_PATHS = "$(inherited) @executable_path/Frameworks";
				PRODUCT_BUNDLE_IDENTIFIER = com.dev.Mango;
				PRODUCT_NAME = "$(TARGET_NAME)";
				SWIFT_VERSION = 4.0;
				TARGETED_DEVICE_FAMILY = "1,2";
			};
			name = Debug;
		};
		49679EC61FD8C15200AF55A2 /* Release */ = {
			isa = XCBuildConfiguration;
			buildSettings = {
				ASSETCATALOG_COMPILER_APPICON_NAME = AppIcon;
				CODE_SIGN_STYLE = Automatic;
				DEVELOPMENT_TEAM = U28JUD5674;
				INFOPLIST_FILE = Mango/Info.plist;
				LD_RUNPATH_SEARCH_PATHS = "$(inherited) @executable_path/Frameworks";
				PRODUCT_BUNDLE_IDENTIFIER = com.dev.Mango;
				PRODUCT_NAME = "$(TARGET_NAME)";
				SWIFT_VERSION = 4.0;
				TARGETED_DEVICE_FAMILY = "1,2";
			};
			name = Release;
		};
/* End XCBuildConfiguration section */

/* Begin XCConfigurationList section */
		49679EAA1FD8C15200AF55A2 /* Build configuration list for PBXProject "Mango" */ = {
			isa = XCConfigurationList;
			buildConfigurations = (
				49679EC21FD8C15200AF55A2 /* Debug */,
				49679EC31FD8C15200AF55A2 /* Release */,
			);
			defaultConfigurationIsVisible = 0;
			defaultConfigurationName = Release;
		};
		49679EC41FD8C15200AF55A2 /* Build configuration list for PBXNativeTarget "Mango" */ = {
			isa = XCConfigurationList;
			buildConfigurations = (
				49679EC51FD8C15200AF55A2 /* Debug */,
				49679EC61FD8C15200AF55A2 /* Release */,
			);
			defaultConfigurationIsVisible = 0;
			defaultConfigurationName = Release;
		};
/* End XCConfigurationList section */

/* Begin XCVersionGroup section */
		49679EB91FD8C15200AF55A2 /* Mango.xcdatamodeld */ = {
			isa = XCVersionGroup;
			children = (
				49679EBA1FD8C15200AF55A2 /* Mango.xcdatamodel */,
			);
			currentVersion = 49679EBA1FD8C15200AF55A2 /* Mango.xcdatamodel */;
			path = Mango.xcdatamodeld;
			sourceTree = "<group>";
			versionGroupType = wrapper.xcdatamodel;
		};
/* End XCVersionGroup section */
	};
	rootObject = 49679EA71FD8C15200AF55A2 /* Project object */;
}
